{
    "version": "0.5",
    "requires": [
        "zstd/1.5.7#b68ca8e3de04ba5957761751d1d661f4%1760955092.069",
        "zlib-ng/2.3.2#f83f7425b91ccd90ff3ca4137f4a864c%1764761921.296",
        "xxhash/0.8.3#681d36a0a6111fc56e5e45ea182c19cc%1743678659.187",
        "gtest/1.17.0#43201cc96e5d35332662ce8890cceb27%1786446850.202",
        "fmt/12.1.0#6baf0fb8351783472b94ee6e36232391%1785754553.994",
        "cli11/2.4.2#6e507e3d37c863d547be3069be114cce%1730283380.419"
    ],
    "build_requires": [
        "cmake/4.0.3#95907e383685c6d282821fd474aba76b%1750094039.673"
    ],
    "python_requires": [],
    "config_requires": []
}
